{
  "requires": true,
  "lockfileVersion": 1,
  "dependencies": {
    "croppie": {
      "version": "2.6.3",
      "resolved": "https://registry.npmjs.org/croppie/-/croppie-2.6.3.tgz",
      "integrity": "sha512-x0EGQF5GwUTzW7igxFu0eP9UM5JsK/3y0hIiFIVjV6zLd4EMsGZDIKhh7XwppQoZMDyEun3Ge7fWlu1jzp+iuA=="
    },
    "vue-cookies": {
      "version": "1.5.13",
      "resolved": "https://registry.npmjs.org/vue-cookies/-/vue-cookies-1.5.13.tgz",
      "integrity": "sha512-8pjpXnvbNWx1Lft0t3MJnW+ylv0Wa2Tb6Ch617u/pQah3+SfXUZZdkh3EL3bSpe/Sw2Wdw3+DhycgQsKANSxXg=="
    },
    "vue-croppie": {
      "version": "1.3.13",
      "resolved": "https://registry.npmjs.org/vue-croppie/-/vue-croppie-1.3.13.tgz",
      "integrity": "sha512-HSSoi1fG6b91IHhySSi6WB2sEK+OFWR/FXHscqGV/XGllTOUM+iGAqoi0LYrFZ/Euqr/nai859NKcUUhCoUt1w==",
      "requires": {
        "croppie": "^2.6.1"
      }
    }
  }
}
